// !$*UTF8*$!
{
	archiveVersion = 1;
	classes = {
	};
	objectVersion = 46;
	objects = {

/* Begin PBXBuildFile section */
		98357496195FC9330046D512 /* main.m in Sources */ = {isa = PBXBuildFile; fileRef = 98357495195FC9330046D512 /* main.m */; };
		98357499195FC9330046D512 /* AppDelegate.m in Sources */ = {isa = PBXBuildFile; fileRef = 98357498195FC9330046D512 /* AppDelegate.m */; };
		9835749C195FC9330046D512 /* ViewController.m in Sources */ = {isa = PBXBuildFile; fileRef = 9835749B195FC9330046D512 /* ViewController.m */; };
		9835749F195FC9330046D512 /* Main.storyboard in Resources */ = {isa = PBXBuildFile; fileRef = 9835749D195FC9330046D512 /* Main.storyboard */; };
		983574A1195FC9330046D512 /* Images.xcassets in Resources */ = {isa = PBXBuildFile; fileRef = 983574A0195FC9330046D512 /* Images.xcassets */; };
		983574AD195FC9330046D512 /* UITestTests.m in Sources */ = {isa = PBXBuildFile; fileRef = 983574AC195FC9330046D512 /* UITestTests.m */; };
/* End PBXBuildFile section */

/* Begin PBXContainerItemProxy section */
		983574A7195FC9330046D512 /* PBXContainerItemProxy */ = {
			isa = PBXContainerItemProxy;
			containerPortal = 98357488195FC9330046D512 /* Project object */;
			proxyType = 1;
			remoteGlobalIDString = 9835748F195FC9330046D512;
			remoteInfo = UITest;
		};
/* End PBXContainerItemProxy section */

/* Begin PBXFileReference section */
		98357490195FC9330046D512 /* UITest.app */ = {isa = PBXFileReference; explicitFileType = wrapper.application; includeInIndex = 0; path = UITest.app; sourceTree = BUILT_PRODUCTS_DIR; };
		98357494195FC9330046D512 /* Info.plist */ = {isa = PBXFileReference; lastKnownFileType = text.plist.xml; path = Info.plist; sourceTree = "<group>"; };
		98357495195FC9330046D512 /* main.m */ = {isa = PBXFileReference; lastKnownFileType = sourcecode.c.objc; path = main.m; sourceTree = "<group>"; };
		98357497195FC9330046D512 /* AppDelegate.h */ = {isa = PBXFileReference; lastKnownFileType = sourcecode.c.h; path = AppDelegate.h; sourceTree = "<group>"; };
		98357498195FC9330046D512 /* AppDelegate.m */ = {isa = PBXFileReference; lastKnownFileType = sourcecode.c.objc; path = AppDelegate.m; sourceTree = "<group>"; };
		9835749A195FC9330046D512 /* ViewController.h */ = {isa = PBXFileReference; lastKnownFileType = sourcecode.c.h; path = ViewController.h; sourceTree = "<group>"; };
		9835749B195FC9330046D512 /* ViewController.m */ = {isa = PBXFileReference; lastKnownFileType = sourcecode.c.objc; path = ViewController.m; sourceTree = "<group>"; };
		9835749E195FC9330046D512 /* Base */ = {isa = PBXFileReference; lastKnownFileType = file.storyboard; name = Base; path = Base.lproj/Main.storyboard; sourceTree = "<group>"; };
		983574A0195FC9330046D512 /* Images.xcassets */ = {isa = PBXFileReference; lastKnownFileType = folder.assetcatalog; path = Images.xcassets; sourceTree = "<group>"; };
		983574A6195FC9330046D512 /* UITestTests.xctest */ = {isa = PBXFileReference; explicitFileType = wrapper.cfbundle; includeInIndex = 0; path = UITestTests.xctest; sourceTree = BUILT_PRODUCTS_DIR; };
		983574AB195FC9330046D512 /* Info.plist */ = {isa = PBXFileReference; lastKnownFileType = text.plist.xml; path = Info.plist; sourceTree = "<group>"; };
		983574AC195FC9330046D512 /* UITestTests.m */ = {isa = PBXFileReference; lastKnownFileType = sourcecode.c.objc; path = UITestTests.m; sourceTree = "<group>"; };
/* End PBXFileReference section */

/* Begin PBXFrameworksBuildPhase section */
		9835748D195FC9330046D512 /* Frameworks */ = {
			isa = PBXFrameworksBuildPhase;
			buildActionMask = 2147483647;
			files = (
			);
			runOnlyForDeploymentPostprocessing = 0;
		};
		983574A3195FC9330046D512 /* Frameworks */ = {
			isa = PBXFrameworksBuildPhase;
			buildActionMask = 2147483647;
			files = (
			);
			runOnlyForDeploymentPostprocessing = 0;
		};
/* End PBXFrameworksBuildPhase section */

/* Begin PBXGroup section */
		98357487195FC9330046D512 = {
			isa = PBXGroup;
			children = (
				98357492195FC9330046D512 /* UITest */,
				983574A9195FC9330046D512 /* UITestTests */,
				98357491195FC9330046D512 /* Products */,
			);
			sourceTree = "<group>";
		};
		98357491195FC9330046D512 /* Products */ = {
			isa = PBXGroup;
			children = (
				98357490195FC9330046D512 /* UITest.app */,
				983574A6195FC9330046D512 /* UITestTests.xctest */,
			);
			name = Products;
			sourceTree = "<group>";
		};
		98357492195FC9330046D512 /* UITest */ = {
			isa = PBXGroup;
			children = (
				98357497195FC9330046D512 /* AppDelegate.h */,
				98357498195FC9330046D512 /* AppDelegate.m */,
				9835749A195FC9330046D512 /* ViewController.h */,
				9835749B195FC9330046D512 /* ViewController.m */,
				9835749D195FC9330046D512 /* Main.storyboard */,
				983574A0195FC9330046D512 /* Images.xcassets */,
				98357493195FC9330046D512 /* Supporting Files */,
			);
			path = UITest;
			sourceTree = "<group>";
		};
		98357493195FC9330046D512 /* Supporting Files */ = {
			isa = PBXGroup;
			children = (
				98357494195FC9330046D512 /* Info.plist */,
				98357495195FC9330046D512 /* main.m */,
			);
			name = "Supporting Files";
			sourceTree = "<group>";
		};
		983574A9195FC9330046D512 /* UITestTests */ = {
			isa = PBXGroup;
			children = (
				983574AC195FC9330046D512 /* UITestTests.m */,
				983574AA195FC9330046D512 /* Supporting Files */,
			);
			path = UITestTests;
			sourceTree = "<group>";
		};
		983574AA195FC9330046D512 /* Supporting Files */ = {
			isa = PBXGroup;
			children = (
				983574AB195FC9330046D512 /* Info.plist */,
			);
			name = "Supporting Files";
			sourceTree = "<group>";
		};
/* End PBXGroup section */

/* Begin PBXNativeTarget section */
		9835748F195FC9330046D512 /* UITest */ = {
			isa = PBXNativeTarget;
			buildConfigurationList = 983574B0195FC9330046D512 /* Build configuration list for PBXNativeTarget "UITest" */;
			buildPhases = (
				9835748C195FC9330046D512 /* Sources */,
				9835748D195FC9330046D512 /* Frameworks */,
				9835748E195FC9330046D512 /* Resources */,
			);
			buildRules = (
			);
			dependencies = (
			);
			name = UITest;
			productName = UITest;
			productReference = 98357490195FC9330046D512 /* UITest.app */;
			productType = "com.apple.product-type.application";
		};
		983574A5195FC9330046D512 /* UITestTests */ = {
			isa = PBXNativeTarget;
			buildConfigurationList = 983574B3195FC9330046D512 /* Build configuration list for PBXNativeTarget "UITestTests" */;
			buildPhases = (
				983574A2195FC9330046D512 /* Sources */,
				983574A3195FC9330046D512 /* Frameworks */,
				983574A4195FC9330046D512 /* Resources */,
			);
			buildRules = (
			);
			dependencies = (
				983574A8195FC9330046D512 /* PBXTargetDependency */,
			);
			name = UITestTests;
			productName = UITestTests;
			productReference = 983574A6195FC9330046D512 /* UITestTests.xctest */;
			productType = "com.apple.product-type.bundle.unit-test";
		};
/* End PBXNativeTarget section */

/* Begin PBXProject section */
		98357488195FC9330046D512 /* Project object */ = {
			isa = PBXProject;
			attributes = {
				LastUpgradeCheck = 0600;
				ORGANIZATIONNAME = "www.iphonetrain.com 无限互联3G学院";
				TargetAttributes = {
					9835748F195FC9330046D512 = {
						CreatedOnToolsVersion = 6.0;
					};
					983574A5195FC9330046D512 = {
						CreatedOnToolsVersion = 6.0;
						TestTargetID = 9835748F195FC9330046D512;
					};
				};
			};
			buildConfigurationList = 9835748B195FC9330046D512 /* Build configuration list for PBXProject "UITest" */;
			compatibilityVersion = "Xcode 3.2";
			developmentRegion = English;
			hasScannedForEncodings = 0;
			knownRegions = (
				en,
				Base,
			);
			mainGroup = 98357487195FC9330046D512;
			productRefGroup = 98357491195FC9330046D512 /* Products */;
			projectDirPath = "";
			projectRoot = "";
			targets = (
				9835748F195FC9330046D512 /* UITest */,
				983574A5195FC9330046D512 /* UITestTests */,
			);
		};
/* End PBXProject section */

/* Begin PBXResourcesBuildPhase section */
		9835748E195FC9330046D512 /* Resources */ = {
			isa = PBXResourcesBuildPhase;
			buildActionMask = 2147483647;
			files = (
				9835749F195FC9330046D512 /* Main.storyboard in Resources */,
				983574A1195FC9330046D512 /* Images.xcassets in Resources */,
			);
			runOnlyForDeploymentPostprocessing = 0;
		};
		983574A4195FC9330046D512 /* Resources */ = {
			isa = PBXResourcesBuildPhase;
			buildActionMask = 2147483647;
			files = (
			);
			runOnlyForDeploymentPostprocessing = 0;
		};
/* End PBXResourcesBuildPhase section */

/* Begin PBXSourcesBuildPhase section */
		9835748C195FC9330046D512 /* Sources */ = {
			isa = PBXSourcesBuildPhase;
			buildActionMask = 2147483647;
			files = (
				9835749C195FC9330046D512 /* ViewController.m in Sources */,
				98357499195FC9330046D512 /* AppDelegate.m in Sources */,
				98357496195FC9330046D512 /* main.m in Sources */,
			);
			runOnlyForDeploymentPostprocessing = 0;
		};
		983574A2195FC9330046D512 /* Sources */ = {
			isa = PBXSourcesBuildPhase;
			buildActionMask = 2147483647;
			files = (
				983574AD195FC9330046D512 /* UITestTests.m in Sources */,
			);
			runOnlyForDeploymentPostprocessing = 0;
		};
/* End PBXSourcesBuildPhase section */

/* Begin PBXTargetDependency section */
		983574A8195FC9330046D512 /* PBXTargetDependency */ = {
			isa = PBXTargetDependency;
			target = 9835748F195FC9330046D512 /* UITest */;
			targetProxy = 983574A7195FC9330046D512 /* PBXContainerItemProxy */;
		};
/* End PBXTargetDependency section */

/* Begin PBXVariantGroup section */
		9835749D195FC9330046D512 /* Main.storyboard */ = {
			isa = PBXVariantGroup;
			children = (
				9835749E195FC9330046D512 /* Base */,
			);
			name = Main.storyboard;
			sourceTree = "<group>";
		};
/* End PBXVariantGroup section */

/* Begin XCBuildConfiguration section */
		983574AE195FC9330046D512 /* Debug */ = {
			isa = XCBuildConfiguration;
			buildSettings = {
				ALWAYS_SEARCH_USER_PATHS = NO;
				CLANG_CXX_LANGUAGE_STANDARD = "gnu++0x";
				CLANG_CXX_LIBRARY = "libc++";
				CLANG_ENABLE_MODULES = YES;
				CLANG_ENABLE_OBJC_ARC = YES;
				CLANG_WARN_BOOL_CONVERSION = YES;
				CLANG_WARN_CONSTANT_CONVERSION = YES;
				CLANG_WARN_DIRECT_OBJC_ISA_USAGE = YES_ERROR;
				CLANG_WARN_EMPTY_BODY = YES;
				CLANG_WARN_ENUM_CONVERSION = YES;
				CLANG_WARN_INT_CONVERSION = YES;
				CLANG_WARN_OBJC_ROOT_CLASS = YES_ERROR;
				CLANG_WARN_UNREACHABLE_CODE = YES;
				CLANG_WARN__DUPLICATE_METHOD_MATCH = YES;
				"CODE_SIGN_IDENTITY[sdk=iphoneos*]" = "iPhone Developer";
				COPY_PHASE_STRIP = NO;
				ENABLE_STRICT_OBJC_MSGSEND = YES;
				GCC_C_LANGUAGE_STANDARD = gnu99;
				GCC_DYNAMIC_NO_PIC = NO;
				GCC_OPTIMIZATION_LEVEL = 0;
				GCC_PREPROCESSOR_DEFINITIONS = (
					"DEBUG=1",
					"$(inherited)",
				);
				GCC_SYMBOLS_PRIVATE_EXTERN = NO;
				GCC_WARN_64_TO_32_BIT_CONVERSION = YES;
				GCC_WARN_ABOUT_RETURN_TYPE = YES_ERROR;
				GCC_WARN_UNDECLARED_SELECTOR = YES;
				GCC_WARN_UNINITIALIZED_AUTOS = YES_AGGRESSIVE;
				GCC_WARN_UNUSED_FUNCTION = YES;
				GCC_WARN_UNUSED_VARIABLE = YES;
				IPHONEOS_DEPLOYMENT_TARGET = 8.0;
				METAL_ENABLE_DEBUG_INFO = YES;
				ONLY_ACTIVE_ARCH = YES;
				SDKROOT = iphoneos;
			};
			name = Debug;
		};
		983574AF195FC9330046D512 /* Release */ = {
			isa = XCBuildConfiguration;
			buildSettings = {
				ALWAYS_SEARCH_USER_PATHS = NO;
				CLANG_CXX_LANGUAGE_STANDARD = "gnu++0x";
				CLANG_CXX_LIBRARY = "libc++";
				CLANG_ENABLE_MODULES = YES;
				CLANG_ENABLE_OBJC_ARC = YES;
				CLANG_WARN_BOOL_CONVERSION = YES;
				CLANG_WARN_CONSTANT_CONVERSION = YES;
				CLANG_WARN_DIRECT_OBJC_ISA_USAGE = YES_ERROR;
				CLANG_WARN_EMPTY_BODY = YES;
				CLANG_WARN_ENUM_CONVERSION = YES;
				CLANG_WARN_INT_CONVERSION = YES;
				CLANG_WARN_OBJC_ROOT_CLASS = YES_ERROR;
				CLANG_WARN_UNREACHABLE_CODE = YES;
				CLANG_WARN__DUPLICATE_METHOD_MATCH = YES;
				"CODE_SIGN_IDENTITY[sdk=iphoneos*]" = "iPhone Developer";
				COPY_PHASE_STRIP = YES;
				ENABLE_NS_ASSERTIONS = NO;
				ENABLE_STRICT_OBJC_MSGSEND = YES;
				GCC_C_LANGUAGE_STANDARD = gnu99;
				GCC_WARN_64_TO_32_BIT_CONVERSION = YES;
				GCC_WARN_ABOUT_RETURN_TYPE = YES_ERROR;
				GCC_WARN_UNDECLARED_SELECTOR = YES;
				GCC_WARN_UNINITIALIZED_AUTOS = YES_AGGRESSIVE;
				GCC_WARN_UNUSED_FUNCTION = YES;
				GCC_WARN_UNUSED_VARIABLE = YES;
				IPHONEOS_DEPLOYMENT_TARGET = 8.0;
				METAL_ENABLE_DEBUG_INFO = NO;
				SDKROOT = iphoneos;
				VALIDATE_PRODUCT = YES;
			};
			name = Release;
		};
		983574B1195FC9330046D512 /* Debug */ = {
			isa = XCBuildConfiguration;
			buildSettings = {
				ASSETCATALOG_COMPILER_APPICON_NAME = AppIcon;
				ASSETCATALOG_COMPILER_LAUNCHIMAGE_NAME = LaunchImage;
				INFOPLIST_FILE = UITest/Info.plist;
				LD_RUNPATH_SEARCH_PATHS = "$(inherited) @executable_path/Frameworks";
				PRODUCT_NAME = "$(TARGET_NAME)";
			};
			name = Debug;
		};
		983574B2195FC9330046D512 /* Release */ = {
			isa = XCBuildConfiguration;
			buildSettings = {
				ASSETCATALOG_COMPILER_APPICON_NAME = AppIcon;
				ASSETCATALOG_COMPILER_LAUNCHIMAGE_NAME = LaunchImage;
				INFOPLIST_FILE = UITest/Info.plist;
				LD_RUNPATH_SEARCH_PATHS = "$(inherited) @executable_path/Frameworks";
				PRODUCT_NAME = "$(TARGET_NAME)";
			};
			name = Release;
		};
		983574B4195FC9330046D512 /* Debug */ = {
			isa = XCBuildConfiguration;
			buildSettings = {
				BUNDLE_LOADER = "$(BUILT_PRODUCTS_DIR)/UITest.app/UITest";
				FRAMEWORK_SEARCH_PATHS = (
					"$(SDKROOT)/Developer/Library/Frameworks",
					"$(inherited)",
				);
				GCC_PREPROCESSOR_DEFINITIONS = (
					"DEBUG=1",
					"$(inherited)",
				);
				INFOPLIST_FILE = UITestTests/Info.plist;
				LD_RUNPATH_SEARCH_PATHS = "$(inherited) @executable_path/Frameworks @loader_path/Frameworks";
				METAL_ENABLE_DEBUG_INFO = YES;
				PRODUCT_NAME = "$(TARGET_NAME)";
				TEST_HOST = "$(BUNDLE_LOADER)";
			};
			name = Debug;
		};
		983574B5195FC9330046D512 /* Release */ = {
			isa = XCBuildConfiguration;
			buildSettings = {
				BUNDLE_LOADER = "$(BUILT_PRODUCTS_DIR)/UITest.app/UITest";
				FRAMEWORK_SEARCH_PATHS = (
					"$(SDKROOT)/Developer/Library/Frameworks",
					"$(inherited)",
				);
				INFOPLIST_FILE = UITestTests/Info.plist;
				LD_RUNPATH_SEARCH_PATHS = "$(inherited) @executable_path/Frameworks @loader_path/Frameworks";
				METAL_ENABLE_DEBUG_INFO = NO;
				PRODUCT_NAME = "$(TARGET_NAME)";
				TEST_HOST = "$(BUNDLE_LOADER)";
			};
			name = Release;
		};
/* End XCBuildConfiguration section */

/* Begin XCConfigurationList section */
		9835748B195FC9330046D512 /* Build configuration list for PBXProject "UITest" */ = {
			isa = XCConfigurationList;
			buildConfigurations = (
				983574AE195FC9330046D512 /* Debug */,
				983574AF195FC9330046D512 /* Release */,
			);
			defaultConfigurationIsVisible = 0;
			defaultConfigurationName = Release;
		};
		983574B0195FC9330046D512 /* Build configuration list for PBXNativeTarget "UITest" */ = {
			isa = XCConfigurationList;
			buildConfigurations = (
				983574B1195FC9330046D512 /* Debug */,
				983574B2195FC9330046D512 /* Release */,
			);
			defaultConfigurationIsVisible = 0;
		};
		983574B3195FC9330046D512 /* Build configuration list for PBXNativeTarget "UITestTests" */ = {
			isa = XCConfigurationList;
			buildConfigurations = (
				983574B4195FC9330046D512 /* Debug */,
				983574B5195FC9330046D512 /* Release */,
			);
			defaultConfigurationIsVisible = 0;
		};
/* End XCConfigurationList section */
	};
	rootObject = 98357488195FC9330046D512 /* Project object */;
}
